
Microsoft Visual Studio Solution File, Format Version 12.00
# Visual Studio Version 17
VisualStudioVersion = 17.2.32616.157
MinimumVisualStudioVersion = 10.0.40219.1
Project("{FAE04EC0-301F-11D3-BF4B-00C04F79EFBC}") = "Translator", "Translator.csproj", "{D2E7E8AB-0821-4FB9-8383-9447B322BEC4}"
EndProject
Global
	GlobalSection(SolutionConfigurationPlatforms) = preSolution
		Debug|Any CPU = Debug|Any CPU
		Release|Any CPU = Release|Any CPU
	EndGlobalSection
	GlobalSection(ProjectConfigurationPlatforms) = postSolution
		{D2E7E8AB-0821-4FB9-8383-9447B322BEC4}.Debug|Any CPU.ActiveCfg = Debug|Any CPU
		{D2E7E8AB-0821-4FB9-8383-9447B322BEC4}.Debug|Any CPU.Build.0 = Debug|Any CPU
		{D2E7E8AB-0821-4FB9-8383-9447B322BEC4}.Release|Any CPU.ActiveCfg = Release|Any CPU
		{D2E7E8AB-0821-4FB9-8383-9447B322BEC4}.Release|Any CPU.Build.0 = Release|Any CPU
	EndGlobalSection
	GlobalSection(SolutionProperties) = preSolution
		HideSolutionNode = FALSE
	EndGlobalSection
	GlobalSection(ExtensibilityGlobals) = postSolution
		SolutionGuid = {2B6D410B-8224-4454-A940-7F29F099A697}
	EndGlobalSection
EndGlobal
